{
  "name": "dd4k-file-store-bot",
  "version": "1.0.0",
  "lockfileVersion": 2,
  "requires": true,
  "packages": {
    "": {
      "name": "dd4k-file-store-bot",
      "version": "1.0.0",
      "dependencies": {
        "node-fetch": "^2.6.7",
        "telegraf": "^4.12.3"
      }
    },
    "node_modules/node-fetch": {
      "version": "2.6.7",
      "resolved": "https://registry.npmjs.org/node-fetch/-/node-fetch-2.6.7.tgz",
      "integrity": "sha512-HG+P/lA3r2G8nhDwYvZmuO6Thq4bX4k91TVYscD/KO+cLQjZEnPZeU7KvPGZUJHtXxx3rgrqB78nDgRSk6cCYA=="
    },
    "node_modules/telegraf": {
      "version": "4.12.3",
      "resolved": "https://registry.npmjs.org/telegraf/-/telegraf-4.12.3.tgz",
      "integrity": "sha512-JXRqG0R54s0koT1xrxO8vwlBI9zG3AXFeFwTLph9NINZmKMPDql8DZCFSnFCztl4FuZWp3CytJx2M/tf42RwDw=="
    }
  },
  "dependencies": {
    "node-fetch": {
      "version": "2.6.7",
      "resolved": "https://registry.npmjs.org/node-fetch/-/node-fetch-2.6.7.tgz",
      "integrity": "sha512-HG+P/lA3r2G8nhDwYvZmuO6Thq4bX4k91TVYscD/KO+cLQjZEnPZeU7KvPGZUJHtXxx3rgrqB78nDgRSk6cCYA=="
    },
    "telegraf": {
      "version": "4.12.3",
      "resolved": "https://registry.npmjs.org/telegraf/-/telegraf-4.12.3.tgz",
      "integrity": "sha512-JXRqG0R54s0koT1xrxO8vwlBI9zG3AXFeFwTLph9NINZmKMPDql8DZCFSnFCztl4FuZWp3CytJx2M/tf42RwDw=="
    }
  }
}
